
Microsoft Visual Studio Solution File, Format Version 12.00
Project("{FAE04EC0-301F-11D3-BF4B-00C04F79EFBC}") = "Press.Core", "src\Press.Core\Press.Core.csproj", "{C5B47203-BEE9-4307-9990-5397518199CD}"
EndProject
Project("{2150E333-8FDC-42A3-9474-1A3956D46DE8}") = "src", "src", "{EF359897-9873-419F-A992-5C79125A727E}"
EndProject
Project("{FAE04EC0-301F-11D3-BF4B-00C04F79EFBC}") = "Press.MongoDb", "src\Press.MongoDb\Press.MongoDb.csproj", "{44DFA17B-C63B-486A-B233-53AD3A6B09CE}"
EndProject
Project("{FAE04EC0-301F-11D3-BF4B-00C04F79EFBC}") = "Press.Worker", "src\Press.Worker\Press.Worker.csproj", "{0CC86068-508B-4F1C-B379-5B1D1ADD9592}"
EndProject
Project("{FAE04EC0-301F-11D3-BF4B-00C04F79EFBC}") = "Press.Web", "src\Press.Web\Press.Web.csproj", "{D2194D38-C9F5-4AEE-9A33-3B1324C949D2}"
EndProject
Project("{2150E333-8FDC-42A3-9474-1A3956D46DE8}") = "test", "test", "{17B323A9-B850-4E93-A2A4-A35DDFFCE2C9}"
EndProject
Project("{2150E333-8FDC-42A3-9474-1A3956D46DE8}") = "_infra", "_infra", "{E171CF47-DE19-474C-B2A1-AEC2C46B6E46}"
EndProject
Project("{2150E333-8FDC-42A3-9474-1A3956D46DE8}") = "press.web", "press.web", "{4996AF55-9F55-4349-9F2D-CC1F42E0A02E}"
ProjectSection(SolutionItems) = preProject
	_infra\press.web\azure-pipelines.yml = _infra\press.web\azure-pipelines.yml
	_infra\press.web\Dockerfile = _infra\press.web\Dockerfile
EndProjectSection
EndProject
Project("{2150E333-8FDC-42A3-9474-1A3956D46DE8}") = "press.worker", "press.worker", "{AA71D692-18A8-45A0-A5AA-11D4D3F4FD9A}"
ProjectSection(SolutionItems) = preProject
	_infra\press.worker\azure-pipelines.yml = _infra\press.worker\azure-pipelines.yml
	_infra\press.worker\Dockerfile = _infra\press.worker\Dockerfile
EndProjectSection
EndProject
Project("{FAE04EC0-301F-11D3-BF4B-00C04F79EFBC}") = "Press.Scrapers", "src\Press.Scrapers\Press.Scrapers.csproj", "{B22CE48D-AD3C-4BA0-B685-4D607651F454}"
EndProject
Global
	GlobalSection(SolutionConfigurationPlatforms) = preSolution
		Debug|Any CPU = Debug|Any CPU
		Release|Any CPU = Release|Any CPU
	EndGlobalSection
	GlobalSection(ProjectConfigurationPlatforms) = postSolution
		{C5B47203-BEE9-4307-9990-5397518199CD}.Debug|Any CPU.ActiveCfg = Debug|Any CPU
		{C5B47203-BEE9-4307-9990-5397518199CD}.Debug|Any CPU.Build.0 = Debug|Any CPU
		{C5B47203-BEE9-4307-9990-5397518199CD}.Release|Any CPU.ActiveCfg = Release|Any CPU
		{C5B47203-BEE9-4307-9990-5397518199CD}.Release|Any CPU.Build.0 = Release|Any CPU
		{44DFA17B-C63B-486A-B233-53AD3A6B09CE}.Debug|Any CPU.ActiveCfg = Debug|Any CPU
		{44DFA17B-C63B-486A-B233-53AD3A6B09CE}.Debug|Any CPU.Build.0 = Debug|Any CPU
		{44DFA17B-C63B-486A-B233-53AD3A6B09CE}.Release|Any CPU.ActiveCfg = Release|Any CPU
		{44DFA17B-C63B-486A-B233-53AD3A6B09CE}.Release|Any CPU.Build.0 = Release|Any CPU
		{0CC86068-508B-4F1C-B379-5B1D1ADD9592}.Debug|Any CPU.ActiveCfg = Debug|Any CPU
		{0CC86068-508B-4F1C-B379-5B1D1ADD9592}.Debug|Any CPU.Build.0 = Debug|Any CPU
		{0CC86068-508B-4F1C-B379-5B1D1ADD9592}.Release|Any CPU.ActiveCfg = Release|Any CPU
		{0CC86068-508B-4F1C-B379-5B1D1ADD9592}.Release|Any CPU.Build.0 = Release|Any CPU
		{D2194D38-C9F5-4AEE-9A33-3B1324C949D2}.Debug|Any CPU.ActiveCfg = Debug|Any CPU
		{D2194D38-C9F5-4AEE-9A33-3B1324C949D2}.Debug|Any CPU.Build.0 = Debug|Any CPU
		{D2194D38-C9F5-4AEE-9A33-3B1324C949D2}.Release|Any CPU.ActiveCfg = Release|Any CPU
		{D2194D38-C9F5-4AEE-9A33-3B1324C949D2}.Release|Any CPU.Build.0 = Release|Any CPU
		{B22CE48D-AD3C-4BA0-B685-4D607651F454}.Debug|Any CPU.ActiveCfg = Debug|Any CPU
		{B22CE48D-AD3C-4BA0-B685-4D607651F454}.Debug|Any CPU.Build.0 = Debug|Any CPU
		{B22CE48D-AD3C-4BA0-B685-4D607651F454}.Release|Any CPU.ActiveCfg = Release|Any CPU
		{B22CE48D-AD3C-4BA0-B685-4D607651F454}.Release|Any CPU.Build.0 = Release|Any CPU
	EndGlobalSection
	GlobalSection(NestedProjects) = preSolution
		{C5B47203-BEE9-4307-9990-5397518199CD} = {EF359897-9873-419F-A992-5C79125A727E}
		{44DFA17B-C63B-486A-B233-53AD3A6B09CE} = {EF359897-9873-419F-A992-5C79125A727E}
		{0CC86068-508B-4F1C-B379-5B1D1ADD9592} = {EF359897-9873-419F-A992-5C79125A727E}
		{D2194D38-C9F5-4AEE-9A33-3B1324C949D2} = {EF359897-9873-419F-A992-5C79125A727E}
		{4996AF55-9F55-4349-9F2D-CC1F42E0A02E} = {E171CF47-DE19-474C-B2A1-AEC2C46B6E46}
		{AA71D692-18A8-45A0-A5AA-11D4D3F4FD9A} = {E171CF47-DE19-474C-B2A1-AEC2C46B6E46}
		{B22CE48D-AD3C-4BA0-B685-4D607651F454} = {EF359897-9873-419F-A992-5C79125A727E}
	EndGlobalSection
EndGlobal
